// !$*UTF8*$!
{
	archiveVersion = 1;
	classes = {
	};
	objectVersion = 46;
	objects = {

/* Begin PBXBuildFile section */
		496A0D061AAA5A1800DAEC42 /* main.m in Sources */ = {isa = PBXBuildFile; fileRef = 496A0D051AAA5A1800DAEC42 /* main.m */; };
		496A0D091AAA5A1800DAEC42 /* AppDelegate.m in Sources */ = {isa = PBXBuildFile; fileRef = 496A0D081AAA5A1800DAEC42 /* AppDelegate.m */; };
		496A0D0C1AAA5A1800DAEC42 /* ViewController.m in Sources */ = {isa = PBXBuildFile; fileRef = 496A0D0B1AAA5A1800DAEC42 /* ViewController.m */; };
		496A0D201AAA5A1900DAEC42 /* PresentationTestTests.m in Sources */ = {isa = PBXBuildFile; fileRef = 496A0D1F1AAA5A1900DAEC42 /* PresentationTestTests.m */; };
		496A0D2B1AAA5A5100DAEC42 /* PresentationController.m in Sources */ = {isa = PBXBuildFile; fileRef = 496A0D2A1AAA5A5100DAEC42 /* PresentationController.m */; };
		496A0D2E1AAA5A8200DAEC42 /* PopupViewController.m in Sources */ = {isa = PBXBuildFile; fileRef = 496A0D2D1AAA5A8200DAEC42 /* PopupViewController.m */; };
		496A0D301AAB271400DAEC42 /* Launch Screen.xib in Resources */ = {isa = PBXBuildFile; fileRef = 496A0D2F1AAB271400DAEC42 /* Launch Screen.xib */; };
/* End PBXBuildFile section */

/* Begin PBXContainerItemProxy section */
		496A0D1A1AAA5A1900DAEC42 /* PBXContainerItemProxy */ = {
			isa = PBXContainerItemProxy;
			containerPortal = 496A0CF81AAA5A1800DAEC42 /* Project object */;
			proxyType = 1;
			remoteGlobalIDString = 496A0CFF1AAA5A1800DAEC42;
			remoteInfo = PresentationTest;
		};
/* End PBXContainerItemProxy section */

/* Begin PBXFileReference section */
		496A0D001AAA5A1800DAEC42 /* PresentationTest.app */ = {isa = PBXFileReference; explicitFileType = wrapper.application; includeInIndex = 0; path = PresentationTest.app; sourceTree = BUILT_PRODUCTS_DIR; };
		496A0D041AAA5A1800DAEC42 /* Info.plist */ = {isa = PBXFileReference; lastKnownFileType = text.plist.xml; path = Info.plist; sourceTree = "<group>"; };
		496A0D051AAA5A1800DAEC42 /* main.m */ = {isa = PBXFileReference; lastKnownFileType = sourcecode.c.objc; path = main.m; sourceTree = "<group>"; };
		496A0D071AAA5A1800DAEC42 /* AppDelegate.h */ = {isa = PBXFileReference; lastKnownFileType = sourcecode.c.h; path = AppDelegate.h; sourceTree = "<group>"; };
		496A0D081AAA5A1800DAEC42 /* AppDelegate.m */ = {isa = PBXFileReference; lastKnownFileType = sourcecode.c.objc; path = AppDelegate.m; sourceTree = "<group>"; };
		496A0D0A1AAA5A1800DAEC42 /* ViewController.h */ = {isa = PBXFileReference; lastKnownFileType = sourcecode.c.h; path = ViewController.h; sourceTree = "<group>"; };
		496A0D0B1AAA5A1800DAEC42 /* ViewController.m */ = {isa = PBXFileReference; lastKnownFileType = sourcecode.c.objc; path = ViewController.m; sourceTree = "<group>"; };
		496A0D191AAA5A1900DAEC42 /* PresentationTestTests.xctest */ = {isa = PBXFileReference; explicitFileType = wrapper.cfbundle; includeInIndex = 0; path = PresentationTestTests.xctest; sourceTree = BUILT_PRODUCTS_DIR; };
		496A0D1E1AAA5A1900DAEC42 /* Info.plist */ = {isa = PBXFileReference; lastKnownFileType = text.plist.xml; path = Info.plist; sourceTree = "<group>"; };
		496A0D1F1AAA5A1900DAEC42 /* PresentationTestTests.m */ = {isa = PBXFileReference; lastKnownFileType = sourcecode.c.objc; path = PresentationTestTests.m; sourceTree = "<group>"; };
		496A0D291AAA5A5100DAEC42 /* PresentationController.h */ = {isa = PBXFileReference; fileEncoding = 4; lastKnownFileType = sourcecode.c.h; path = PresentationController.h; sourceTree = "<group>"; };
		496A0D2A1AAA5A5100DAEC42 /* PresentationController.m */ = {isa = PBXFileReference; fileEncoding = 4; lastKnownFileType = sourcecode.c.objc; path = PresentationController.m; sourceTree = "<group>"; };
		496A0D2C1AAA5A8200DAEC42 /* PopupViewController.h */ = {isa = PBXFileReference; fileEncoding = 4; lastKnownFileType = sourcecode.c.h; path = PopupViewController.h; sourceTree = "<group>"; };
		496A0D2D1AAA5A8200DAEC42 /* PopupViewController.m */ = {isa = PBXFileReference; fileEncoding = 4; lastKnownFileType = sourcecode.c.objc; path = PopupViewController.m; sourceTree = "<group>"; };
		496A0D2F1AAB271400DAEC42 /* Launch Screen.xib */ = {isa = PBXFileReference; fileEncoding = 4; lastKnownFileType = file.xib; path = "Launch Screen.xib"; sourceTree = "<group>"; };
/* End PBXFileReference section */

/* Begin PBXFrameworksBuildPhase section */
		496A0CFD1AAA5A1800DAEC42 /* Frameworks */ = {
			isa = PBXFrameworksBuildPhase;
			buildActionMask = 2147483647;
			files = (
			);
			runOnlyForDeploymentPostprocessing = 0;
		};
		496A0D161AAA5A1900DAEC42 /* Frameworks */ = {
			isa = PBXFrameworksBuildPhase;
			buildActionMask = 2147483647;
			files = (
			);
			runOnlyForDeploymentPostprocessing = 0;
		};
/* End PBXFrameworksBuildPhase section */

/* Begin PBXGroup section */
		496A0CF71AAA5A1800DAEC42 = {
			isa = PBXGroup;
			children = (
				496A0D021AAA5A1800DAEC42 /* PresentationTest */,
				496A0D1C1AAA5A1900DAEC42 /* PresentationTestTests */,
				496A0D011AAA5A1800DAEC42 /* Products */,
			);
			sourceTree = "<group>";
		};
		496A0D011AAA5A1800DAEC42 /* Products */ = {
			isa = PBXGroup;
			children = (
				496A0D001AAA5A1800DAEC42 /* PresentationTest.app */,
				496A0D191AAA5A1900DAEC42 /* PresentationTestTests.xctest */,
			);
			name = Products;
			sourceTree = "<group>";
		};
		496A0D021AAA5A1800DAEC42 /* PresentationTest */ = {
			isa = PBXGroup;
			children = (
				496A0D071AAA5A1800DAEC42 /* AppDelegate.h */,
				496A0D081AAA5A1800DAEC42 /* AppDelegate.m */,
				496A0D0A1AAA5A1800DAEC42 /* ViewController.h */,
				496A0D0B1AAA5A1800DAEC42 /* ViewController.m */,
				496A0D031AAA5A1800DAEC42 /* Supporting Files */,
				496A0D291AAA5A5100DAEC42 /* PresentationController.h */,
				496A0D2A1AAA5A5100DAEC42 /* PresentationController.m */,
				496A0D2C1AAA5A8200DAEC42 /* PopupViewController.h */,
				496A0D2D1AAA5A8200DAEC42 /* PopupViewController.m */,
				496A0D2F1AAB271400DAEC42 /* Launch Screen.xib */,
			);
			path = PresentationTest;
			sourceTree = "<group>";
		};
		496A0D031AAA5A1800DAEC42 /* Supporting Files */ = {
			isa = PBXGroup;
			children = (
				496A0D041AAA5A1800DAEC42 /* Info.plist */,
				496A0D051AAA5A1800DAEC42 /* main.m */,
			);
			name = "Supporting Files";
			sourceTree = "<group>";
		};
		496A0D1C1AAA5A1900DAEC42 /* PresentationTestTests */ = {
			isa = PBXGroup;
			children = (
				496A0D1F1AAA5A1900DAEC42 /* PresentationTestTests.m */,
				496A0D1D1AAA5A1900DAEC42 /* Supporting Files */,
			);
			path = PresentationTestTests;
			sourceTree = "<group>";
		};
		496A0D1D1AAA5A1900DAEC42 /* Supporting Files */ = {
			isa = PBXGroup;
			children = (
				496A0D1E1AAA5A1900DAEC42 /* Info.plist */,
			);
			name = "Supporting Files";
			sourceTree = "<group>";
		};
/* End PBXGroup section */

/* Begin PBXNativeTarget section */
		496A0CFF1AAA5A1800DAEC42 /* PresentationTest */ = {
			isa = PBXNativeTarget;
			buildConfigurationList = 496A0D231AAA5A1900DAEC42 /* Build configuration list for PBXNativeTarget "PresentationTest" */;
			buildPhases = (
				496A0CFC1AAA5A1800DAEC42 /* Sources */,
				496A0CFD1AAA5A1800DAEC42 /* Frameworks */,
				496A0CFE1AAA5A1800DAEC42 /* Resources */,
			);
			buildRules = (
			);
			dependencies = (
			);
			name = PresentationTest;
			productName = PresentationTest;
			productReference = 496A0D001AAA5A1800DAEC42 /* PresentationTest.app */;
			productType = "com.apple.product-type.application";
		};
		496A0D181AAA5A1900DAEC42 /* PresentationTestTests */ = {
			isa = PBXNativeTarget;
			buildConfigurationList = 496A0D261AAA5A1900DAEC42 /* Build configuration list for PBXNativeTarget "PresentationTestTests" */;
			buildPhases = (
				496A0D151AAA5A1900DAEC42 /* Sources */,
				496A0D161AAA5A1900DAEC42 /* Frameworks */,
				496A0D171AAA5A1900DAEC42 /* Resources */,
			);
			buildRules = (
			);
			dependencies = (
				496A0D1B1AAA5A1900DAEC42 /* PBXTargetDependency */,
			);
			name = PresentationTestTests;
			productName = PresentationTestTests;
			productReference = 496A0D191AAA5A1900DAEC42 /* PresentationTestTests.xctest */;
			productType = "com.apple.product-type.bundle.unit-test";
		};
/* End PBXNativeTarget section */

/* Begin PBXProject section */
		496A0CF81AAA5A1800DAEC42 /* Project object */ = {
			isa = PBXProject;
			attributes = {
				LastUpgradeCheck = 0610;
				ORGANIZATIONNAME = AveApps;
				TargetAttributes = {
					496A0CFF1AAA5A1800DAEC42 = {
						CreatedOnToolsVersion = 6.1.1;
					};
					496A0D181AAA5A1900DAEC42 = {
						CreatedOnToolsVersion = 6.1.1;
						TestTargetID = 496A0CFF1AAA5A1800DAEC42;
					};
				};
			};
			buildConfigurationList = 496A0CFB1AAA5A1800DAEC42 /* Build configuration list for PBXProject "PresentationTest" */;
			compatibilityVersion = "Xcode 3.2";
			developmentRegion = English;
			hasScannedForEncodings = 0;
			knownRegions = (
				en,
				Base,
			);
			mainGroup = 496A0CF71AAA5A1800DAEC42;
			productRefGroup = 496A0D011AAA5A1800DAEC42 /* Products */;
			projectDirPath = "";
			projectRoot = "";
			targets = (
				496A0CFF1AAA5A1800DAEC42 /* PresentationTest */,
				496A0D181AAA5A1900DAEC42 /* PresentationTestTests */,
			);
		};
/* End PBXProject section */

/* Begin PBXResourcesBuildPhase section */
		496A0CFE1AAA5A1800DAEC42 /* Resources */ = {
			isa = PBXResourcesBuildPhase;
			buildActionMask = 2147483647;
			files = (
				496A0D301AAB271400DAEC42 /* Launch Screen.xib in Resources */,
			);
			runOnlyForDeploymentPostprocessing = 0;
		};
		496A0D171AAA5A1900DAEC42 /* Resources */ = {
			isa = PBXResourcesBuildPhase;
			buildActionMask = 2147483647;
			files = (
			);
			runOnlyForDeploymentPostprocessing = 0;
		};
/* End PBXResourcesBuildPhase section */

/* Begin PBXSourcesBuildPhase section */
		496A0CFC1AAA5A1800DAEC42 /* Sources */ = {
			isa = PBXSourcesBuildPhase;
			buildActionMask = 2147483647;
			files = (
				496A0D0C1AAA5A1800DAEC42 /* ViewController.m in Sources */,
				496A0D091AAA5A1800DAEC42 /* AppDelegate.m in Sources */,
				496A0D2B1AAA5A5100DAEC42 /* PresentationController.m in Sources */,
				496A0D061AAA5A1800DAEC42 /* main.m in Sources */,
				496A0D2E1AAA5A8200DAEC42 /* PopupViewController.m in Sources */,
			);
			runOnlyForDeploymentPostprocessing = 0;
		};
		496A0D151AAA5A1900DAEC42 /* Sources */ = {
			isa = PBXSourcesBuildPhase;
			buildActionMask = 2147483647;
			files = (
				496A0D201AAA5A1900DAEC42 /* PresentationTestTests.m in Sources */,
			);
			runOnlyForDeploymentPostprocessing = 0;
		};
/* End PBXSourcesBuildPhase section */

/* Begin PBXTargetDependency section */
		496A0D1B1AAA5A1900DAEC42 /* PBXTargetDependency */ = {
			isa = PBXTargetDependency;
			target = 496A0CFF1AAA5A1800DAEC42 /* PresentationTest */;
			targetProxy = 496A0D1A1AAA5A1900DAEC42 /* PBXContainerItemProxy */;
		};
/* End PBXTargetDependency section */

/* Begin XCBuildConfiguration section */
		496A0D211AAA5A1900DAEC42 /* Debug */ = {
			isa = XCBuildConfiguration;
			buildSettings = {
				ALWAYS_SEARCH_USER_PATHS = NO;
				CLANG_CXX_LANGUAGE_STANDARD = "gnu++0x";
				CLANG_CXX_LIBRARY = "libc++";
				CLANG_ENABLE_MODULES = YES;
				CLANG_ENABLE_OBJC_ARC = YES;
				CLANG_WARN_BOOL_CONVERSION = YES;
				CLANG_WARN_CONSTANT_CONVERSION = YES;
				CLANG_WARN_DIRECT_OBJC_ISA_USAGE = YES_ERROR;
				CLANG_WARN_EMPTY_BODY = YES;
				CLANG_WARN_ENUM_CONVERSION = YES;
				CLANG_WARN_INT_CONVERSION = YES;
				CLANG_WARN_OBJC_ROOT_CLASS = YES_ERROR;
				CLANG_WARN_UNREACHABLE_CODE = YES;
				CLANG_WARN__DUPLICATE_METHOD_MATCH = YES;
				"CODE_SIGN_IDENTITY[sdk=iphoneos*]" = "iPhone Developer";
				COPY_PHASE_STRIP = NO;
				ENABLE_STRICT_OBJC_MSGSEND = YES;
				GCC_C_LANGUAGE_STANDARD = gnu99;
				GCC_DYNAMIC_NO_PIC = NO;
				GCC_OPTIMIZATION_LEVEL = 0;
				GCC_PREPROCESSOR_DEFINITIONS = (
					"DEBUG=1",
					"$(inherited)",
				);
				GCC_SYMBOLS_PRIVATE_EXTERN = NO;
				GCC_WARN_64_TO_32_BIT_CONVERSION = YES;
				GCC_WARN_ABOUT_RETURN_TYPE = YES_ERROR;
				GCC_WARN_UNDECLARED_SELECTOR = YES;
				GCC_WARN_UNINITIALIZED_AUTOS = YES_AGGRESSIVE;
				GCC_WARN_UNUSED_FUNCTION = YES;
				GCC_WARN_UNUSED_VARIABLE = YES;
				IPHONEOS_DEPLOYMENT_TARGET = 8.1;
				MTL_ENABLE_DEBUG_INFO = YES;
				ONLY_ACTIVE_ARCH = YES;
				SDKROOT = iphoneos;
				TARGETED_DEVICE_FAMILY = "1,2";
			};
			name = Debug;
		};
		496A0D221AAA5A1900DAEC42 /* Release */ = {
			isa = XCBuildConfiguration;
			buildSettings = {
				ALWAYS_SEARCH_USER_PATHS = NO;
				CLANG_CXX_LANGUAGE_STANDARD = "gnu++0x";
				CLANG_CXX_LIBRARY = "libc++";
				CLANG_ENABLE_MODULES = YES;
				CLANG_ENABLE_OBJC_ARC = YES;
				CLANG_WARN_BOOL_CONVERSION = YES;
				CLANG_WARN_CONSTANT_CONVERSION = YES;
				CLANG_WARN_DIRECT_OBJC_ISA_USAGE = YES_ERROR;
				CLANG_WARN_EMPTY_BODY = YES;
				CLANG_WARN_ENUM_CONVERSION = YES;
				CLANG_WARN_INT_CONVERSION = YES;
				CLANG_WARN_OBJC_ROOT_CLASS = YES_ERROR;
				CLANG_WARN_UNREACHABLE_CODE = YES;
				CLANG_WARN__DUPLICATE_METHOD_MATCH = YES;
				"CODE_SIGN_IDENTITY[sdk=iphoneos*]" = "iPhone Developer";
				COPY_PHASE_STRIP = YES;
				ENABLE_NS_ASSERTIONS = NO;
				ENABLE_STRICT_OBJC_MSGSEND = YES;
				GCC_C_LANGUAGE_STANDARD = gnu99;
				GCC_WARN_64_TO_32_BIT_CONVERSION = YES;
				GCC_WARN_ABOUT_RETURN_TYPE = YES_ERROR;
				GCC_WARN_UNDECLARED_SELECTOR = YES;
				GCC_WARN_UNINITIALIZED_AUTOS = YES_AGGRESSIVE;
				GCC_WARN_UNUSED_FUNCTION = YES;
				GCC_WARN_UNUSED_VARIABLE = YES;
				IPHONEOS_DEPLOYMENT_TARGET = 8.1;
				MTL_ENABLE_DEBUG_INFO = NO;
				SDKROOT = iphoneos;
				TARGETED_DEVICE_FAMILY = "1,2";
				VALIDATE_PRODUCT = YES;
			};
			name = Release;
		};
		496A0D241AAA5A1900DAEC42 /* Debug */ = {
			isa = XCBuildConfiguration;
			buildSettings = {
				ASSETCATALOG_COMPILER_APPICON_NAME = AppIcon;
				INFOPLIST_FILE = PresentationTest/Info.plist;
				LD_RUNPATH_SEARCH_PATHS = "$(inherited) @executable_path/Frameworks";
				PRODUCT_NAME = "$(TARGET_NAME)";
			};
			name = Debug;
		};
		496A0D251AAA5A1900DAEC42 /* Release */ = {
			isa = XCBuildConfiguration;
			buildSettings = {
				ASSETCATALOG_COMPILER_APPICON_NAME = AppIcon;
				INFOPLIST_FILE = PresentationTest/Info.plist;
				LD_RUNPATH_SEARCH_PATHS = "$(inherited) @executable_path/Frameworks";
				PRODUCT_NAME = "$(TARGET_NAME)";
			};
			name = Release;
		};
		496A0D271AAA5A1900DAEC42 /* Debug */ = {
			isa = XCBuildConfiguration;
			buildSettings = {
				BUNDLE_LOADER = "$(TEST_HOST)";
				FRAMEWORK_SEARCH_PATHS = (
					"$(SDKROOT)/Developer/Library/Frameworks",
					"$(inherited)",
				);
				GCC_PREPROCESSOR_DEFINITIONS = (
					"DEBUG=1",
					"$(inherited)",
				);
				INFOPLIST_FILE = PresentationTestTests/Info.plist;
				LD_RUNPATH_SEARCH_PATHS = "$(inherited) @executable_path/Frameworks @loader_path/Frameworks";
				PRODUCT_NAME = "$(TARGET_NAME)";
				TEST_HOST = "$(BUILT_PRODUCTS_DIR)/PresentationTest.app/PresentationTest";
			};
			name = Debug;
		};
		496A0D281AAA5A1900DAEC42 /* Release */ = {
			isa = XCBuildConfiguration;
			buildSettings = {
				BUNDLE_LOADER = "$(TEST_HOST)";
				FRAMEWORK_SEARCH_PATHS = (
					"$(SDKROOT)/Developer/Library/Frameworks",
					"$(inherited)",
				);
				INFOPLIST_FILE = PresentationTestTests/Info.plist;
				LD_RUNPATH_SEARCH_PATHS = "$(inherited) @executable_path/Frameworks @loader_path/Frameworks";
				PRODUCT_NAME = "$(TARGET_NAME)";
				TEST_HOST = "$(BUILT_PRODUCTS_DIR)/PresentationTest.app/PresentationTest";
			};
			name = Release;
		};
/* End XCBuildConfiguration section */

/* Begin XCConfigurationList section */
		496A0CFB1AAA5A1800DAEC42 /* Build configuration list for PBXProject "PresentationTest" */ = {
			isa = XCConfigurationList;
			buildConfigurations = (
				496A0D211AAA5A1900DAEC42 /* Debug */,
				496A0D221AAA5A1900DAEC42 /* Release */,
			);
			defaultConfigurationIsVisible = 0;
			defaultConfigurationName = Release;
		};
		496A0D231AAA5A1900DAEC42 /* Build configuration list for PBXNativeTarget "PresentationTest" */ = {
			isa = XCConfigurationList;
			buildConfigurations = (
				496A0D241AAA5A1900DAEC42 /* Debug */,
				496A0D251AAA5A1900DAEC42 /* Release */,
			);
			defaultConfigurationIsVisible = 0;
			defaultConfigurationName = Release;
		};
		496A0D261AAA5A1900DAEC42 /* Build configuration list for PBXNativeTarget "PresentationTestTests" */ = {
			isa = XCConfigurationList;
			buildConfigurations = (
				496A0D271AAA5A1900DAEC42 /* Debug */,
				496A0D281AAA5A1900DAEC42 /* Release */,
			);
			defaultConfigurationIsVisible = 0;
			defaultConfigurationName = Release;
		};
/* End XCConfigurationList section */
	};
	rootObject = 496A0CF81AAA5A1800DAEC42 /* Project object */;
}
